
Microsoft Visual Studio Solution File, Format Version 12.00
# Visual Studio Version 16
VisualStudioVersion = 16.0.31911.196
MinimumVisualStudioVersion = 10.0.40219.1
Project("{FAE04EC0-301F-11D3-BF4B-00C04F79EFBC}") = "MicroDuenos", "MicroDuenos\MicroDuenos.csproj", "{2D6A6705-B376-4E8C-A91B-00A897DA0664}"
EndProject
Project("{9A19103F-16F7-4668-BE54-9A1E7A4F7556}") = "PetclinicFront", "PetclinicFront\PetclinicFront.csproj", "{D204EEF7-5C56-4ECD-AFA7-811A3AEB2C00}"
EndProject
Project("{FAE04EC0-301F-11D3-BF4B-00C04F79EFBC}") = "MicroVets", "MicroVets\MicroVets.csproj", "{A2FE5993-CC8A-4F8C-9511-FAC5D989FB7E}"
EndProject
Project("{FAE04EC0-301F-11D3-BF4B-00C04F79EFBC}") = "MicroCreditos", "MicroCreditos\MicroCreditos.csproj", "{9E58578E-D76C-49B6-A5A0-A875C36415D2}"
EndProject
Project("{9A19103F-16F7-4668-BE54-9A1E7A4F7556}") = "PetclinicFront.Tests", "PetclinicFront.Tests\PetclinicFront.Tests.csproj", "{64AA8D92-39A2-4A26-B49E-D49BBE9B403B}"
EndProject
Global
	GlobalSection(SolutionConfigurationPlatforms) = preSolution
		Debug|Any CPU = Debug|Any CPU
		Release|Any CPU = Release|Any CPU
	EndGlobalSection
	GlobalSection(ProjectConfigurationPlatforms) = postSolution
		{2D6A6705-B376-4E8C-A91B-00A897DA0664}.Debug|Any CPU.ActiveCfg = Debug|Any CPU
		{2D6A6705-B376-4E8C-A91B-00A897DA0664}.Debug|Any CPU.Build.0 = Debug|Any CPU
		{2D6A6705-B376-4E8C-A91B-00A897DA0664}.Release|Any CPU.ActiveCfg = Release|Any CPU
		{2D6A6705-B376-4E8C-A91B-00A897DA0664}.Release|Any CPU.Build.0 = Release|Any CPU
		{D204EEF7-5C56-4ECD-AFA7-811A3AEB2C00}.Debug|Any CPU.ActiveCfg = Debug|Any CPU
		{D204EEF7-5C56-4ECD-AFA7-811A3AEB2C00}.Debug|Any CPU.Build.0 = Debug|Any CPU
		{D204EEF7-5C56-4ECD-AFA7-811A3AEB2C00}.Release|Any CPU.ActiveCfg = Release|Any CPU
		{D204EEF7-5C56-4ECD-AFA7-811A3AEB2C00}.Release|Any CPU.Build.0 = Release|Any CPU
		{A2FE5993-CC8A-4F8C-9511-FAC5D989FB7E}.Debug|Any CPU.ActiveCfg = Debug|Any CPU
		{A2FE5993-CC8A-4F8C-9511-FAC5D989FB7E}.Debug|Any CPU.Build.0 = Debug|Any CPU
		{A2FE5993-CC8A-4F8C-9511-FAC5D989FB7E}.Release|Any CPU.ActiveCfg = Release|Any CPU
		{A2FE5993-CC8A-4F8C-9511-FAC5D989FB7E}.Release|Any CPU.Build.0 = Release|Any CPU
		{9E58578E-D76C-49B6-A5A0-A875C36415D2}.Debug|Any CPU.ActiveCfg = Debug|Any CPU
		{9E58578E-D76C-49B6-A5A0-A875C36415D2}.Debug|Any CPU.Build.0 = Debug|Any CPU
		{9E58578E-D76C-49B6-A5A0-A875C36415D2}.Release|Any CPU.ActiveCfg = Release|Any CPU
		{9E58578E-D76C-49B6-A5A0-A875C36415D2}.Release|Any CPU.Build.0 = Release|Any CPU
		{64AA8D92-39A2-4A26-B49E-D49BBE9B403B}.Debug|Any CPU.ActiveCfg = Debug|Any CPU
		{64AA8D92-39A2-4A26-B49E-D49BBE9B403B}.Debug|Any CPU.Build.0 = Debug|Any CPU
		{64AA8D92-39A2-4A26-B49E-D49BBE9B403B}.Release|Any CPU.ActiveCfg = Release|Any CPU
		{64AA8D92-39A2-4A26-B49E-D49BBE9B403B}.Release|Any CPU.Build.0 = Release|Any CPU
	EndGlobalSection
	GlobalSection(SolutionProperties) = preSolution
		HideSolutionNode = FALSE
	EndGlobalSection
	GlobalSection(ExtensibilityGlobals) = postSolution
		SolutionGuid = {9E00660F-A727-4CA0-A183-5B54132A0FCE}
	EndGlobalSection
EndGlobal
